PODS:
  - REFrostedViewController (2.4.8)
  - YiRefresh (0.9.5)

DEPENDENCIES:
  - REFrostedViewController (~> 2.4.8)
  - YiRefresh (~> 0.9.3)

SPEC CHECKSUMS:
  REFrostedViewController: a893b4979ba1f200c547aef9ff4c3fd5a18f5923
  YiRefresh: 80c8e4113d720be8e133a5b8f499ccad27dde760

COCOAPODS: 0.39.0
